
Microsoft Visual Studio Solution File, Format Version 12.00
# Visual Studio Version 16
VisualStudioVersion = 16.0.29806.167
MinimumVisualStudioVersion = 10.0.40219.1
Project("{9A19103F-16F7-4668-BE54-9A1E7A4F7556}") = "Business", "Business\Business.csproj", "{5D3D5292-251D-4455-9C79-CCBA1FA84ACB}"
EndProject
Project("{9A19103F-16F7-4668-BE54-9A1E7A4F7556}") = "DataAccess", "DataAccess\DataAccess.csproj", "{8D0970CE-7930-4514-B2FE-4063E6EDCFD1}"
EndProject
Project("{9A19103F-16F7-4668-BE54-9A1E7A4F7556}") = "Entities", "Entities\Entities.csproj", "{6243CED5-C214-4ADC-8D35-353E57455395}"
EndProject
Project("{9A19103F-16F7-4668-BE54-9A1E7A4F7556}") = "ConsoleUI", "ConsoleUI\ConsoleUI.csproj", "{891979D5-B68F-4624-9218-4BFC0A750A26}"
EndProject
Project("{9A19103F-16F7-4668-BE54-9A1E7A4F7556}") = "Core", "Core\Core.csproj", "{A3969D13-1480-462F-9BF6-44F5B33F26FC}"
EndProject
Project("{FAE04EC0-301F-11D3-BF4B-00C04F79EFBC}") = "WebAPI", "WebAPI\WebAPI.csproj", "{97D33EE4-40D6-44F4-9D97-E96787915F4D}"
EndProject
Global
	GlobalSection(SolutionConfigurationPlatforms) = preSolution
		Debug|Any CPU = Debug|Any CPU
		Release|Any CPU = Release|Any CPU
	EndGlobalSection
	GlobalSection(ProjectConfigurationPlatforms) = postSolution
		{5D3D5292-251D-4455-9C79-CCBA1FA84ACB}.Debug|Any CPU.ActiveCfg = Debug|Any CPU
		{5D3D5292-251D-4455-9C79-CCBA1FA84ACB}.Debug|Any CPU.Build.0 = Debug|Any CPU
		{5D3D5292-251D-4455-9C79-CCBA1FA84ACB}.Release|Any CPU.ActiveCfg = Release|Any CPU
		{5D3D5292-251D-4455-9C79-CCBA1FA84ACB}.Release|Any CPU.Build.0 = Release|Any CPU
		{8D0970CE-7930-4514-B2FE-4063E6EDCFD1}.Debug|Any CPU.ActiveCfg = Debug|Any CPU
		{8D0970CE-7930-4514-B2FE-4063E6EDCFD1}.Debug|Any CPU.Build.0 = Debug|Any CPU
		{8D0970CE-7930-4514-B2FE-4063E6EDCFD1}.Release|Any CPU.ActiveCfg = Release|Any CPU
		{8D0970CE-7930-4514-B2FE-4063E6EDCFD1}.Release|Any CPU.Build.0 = Release|Any CPU
		{6243CED5-C214-4ADC-8D35-353E57455395}.Debug|Any CPU.ActiveCfg = Debug|Any CPU
		{6243CED5-C214-4ADC-8D35-353E57455395}.Debug|Any CPU.Build.0 = Debug|Any CPU
		{6243CED5-C214-4ADC-8D35-353E57455395}.Release|Any CPU.ActiveCfg = Release|Any CPU
		{6243CED5-C214-4ADC-8D35-353E57455395}.Release|Any CPU.Build.0 = Release|Any CPU
		{891979D5-B68F-4624-9218-4BFC0A750A26}.Debug|Any CPU.ActiveCfg = Debug|Any CPU
		{891979D5-B68F-4624-9218-4BFC0A750A26}.Debug|Any CPU.Build.0 = Debug|Any CPU
		{891979D5-B68F-4624-9218-4BFC0A750A26}.Release|Any CPU.ActiveCfg = Release|Any CPU
		{891979D5-B68F-4624-9218-4BFC0A750A26}.Release|Any CPU.Build.0 = Release|Any CPU
		{A3969D13-1480-462F-9BF6-44F5B33F26FC}.Debug|Any CPU.ActiveCfg = Debug|Any CPU
		{A3969D13-1480-462F-9BF6-44F5B33F26FC}.Debug|Any CPU.Build.0 = Debug|Any CPU
		{A3969D13-1480-462F-9BF6-44F5B33F26FC}.Release|Any CPU.ActiveCfg = Release|Any CPU
		{A3969D13-1480-462F-9BF6-44F5B33F26FC}.Release|Any CPU.Build.0 = Release|Any CPU
		{97D33EE4-40D6-44F4-9D97-E96787915F4D}.Debug|Any CPU.ActiveCfg = Debug|Any CPU
		{97D33EE4-40D6-44F4-9D97-E96787915F4D}.Debug|Any CPU.Build.0 = Debug|Any CPU
		{97D33EE4-40D6-44F4-9D97-E96787915F4D}.Release|Any CPU.ActiveCfg = Release|Any CPU
		{97D33EE4-40D6-44F4-9D97-E96787915F4D}.Release|Any CPU.Build.0 = Release|Any CPU
	EndGlobalSection
	GlobalSection(SolutionProperties) = preSolution
		HideSolutionNode = FALSE
	EndGlobalSection
	GlobalSection(ExtensibilityGlobals) = postSolution
		SolutionGuid = {F5A557D6-64F9-4BB6-A704-6CFD2943579B}
	EndGlobalSection
EndGlobal
